github.com/go-echarts/go-echarts/v2 v2.6.2 h1:IDZHYbPOBhx3t/vewppVXtvSWkcpAieEXBvd9tgYUa0=
github.com/go-echarts/go-echarts/v2 v2.6.2/go.mod h1:Z+spPygZRIEyqod69r0WMnkN5RV3MwhYDtw601w3G8w=
github.com/shopspring/decimal v1.4.0 h1:bxl37RwXBklmTi0C79JfXCEBD1cqqHt0bbgBAGFp81k=
github.com/shopspring/decimal v1.4.0/go.mod h1:gawqmDU56v4yIKSwfBSFip1HdCCXN8/+DMd9qYNcwME=
